// !$*UTF8*$!
{
	archiveVersion = 1;
	classes = {
	};
	objectVersion = 46;
	objects = {

/* Begin PBXBuildFile section */
		5155948F11309C7157D5914E /* Pods_instagram_parse.framework in Frameworks */ = {isa = PBXBuildFile; fileRef = 435AF65D6E4CC8D1C8F3BA47 /* Pods_instagram_parse.framework */; };
		CD87F6E41C7C07C7002886DA /* AppDelegate.swift in Sources */ = {isa = PBXBuildFile; fileRef = CD87F6E31C7C07C7002886DA /* AppDelegate.swift */; };
		CD87F6E61C7C07C7002886DA /* LoginViewController.swift in Sources */ = {isa = PBXBuildFile; fileRef = CD87F6E51C7C07C7002886DA /* LoginViewController.swift */; };
		CD87F6E91C7C07C7002886DA /* Main.storyboard in Resources */ = {isa = PBXBuildFile; fileRef = CD87F6E71C7C07C7002886DA /* Main.storyboard */; };
		CD87F6EB1C7C07C7002886DA /* Assets.xcassets in Resources */ = {isa = PBXBuildFile; fileRef = CD87F6EA1C7C07C7002886DA /* Assets.xcassets */; };
		CD87F6EE1C7C07C7002886DA /* LaunchScreen.storyboard in Resources */ = {isa = PBXBuildFile; fileRef = CD87F6EC1C7C07C7002886DA /* LaunchScreen.storyboard */; };
		CDFFF0101C7F4B0300F664C9 /* PhotosViewController.swift in Sources */ = {isa = PBXBuildFile; fileRef = CDFFF00F1C7F4B0300F664C9 /* PhotosViewController.swift */; };
/* End PBXBuildFile section */

/* Begin PBXFileReference section */
		435AF65D6E4CC8D1C8F3BA47 /* Pods_instagram_parse.framework */ = {isa = PBXFileReference; explicitFileType = wrapper.framework; includeInIndex = 0; path = Pods_instagram_parse.framework; sourceTree = BUILT_PRODUCTS_DIR; };
		7A56E709F0052B1B3D5D5812 /* Pods-instagram-parse.release.xcconfig */ = {isa = PBXFileReference; includeInIndex = 1; lastKnownFileType = text.xcconfig; name = "Pods-instagram-parse.release.xcconfig"; path = "Pods/Target Support Files/Pods-instagram-parse/Pods-instagram-parse.release.xcconfig"; sourceTree = "<group>"; };
		B3A470CD6F2DCDDFA7303CDA /* Pods-instagram-parse.debug.xcconfig */ = {isa = PBXFileReference; includeInIndex = 1; lastKnownFileType = text.xcconfig; name = "Pods-instagram-parse.debug.xcconfig"; path = "Pods/Target Support Files/Pods-instagram-parse/Pods-instagram-parse.debug.xcconfig"; sourceTree = "<group>"; };
		CD87F6E01C7C07C7002886DA /* instagram-parse.app */ = {isa = PBXFileReference; explicitFileType = wrapper.application; includeInIndex = 0; path = "instagram-parse.app"; sourceTree = BUILT_PRODUCTS_DIR; };
		CD87F6E31C7C07C7002886DA /* AppDelegate.swift */ = {isa = PBXFileReference; lastKnownFileType = sourcecode.swift; path = AppDelegate.swift; sourceTree = "<group>"; };
		CD87F6E51C7C07C7002886DA /* LoginViewController.swift */ = {isa = PBXFileReference; lastKnownFileType = sourcecode.swift; path = LoginViewController.swift; sourceTree = "<group>"; };
		CD87F6E81C7C07C7002886DA /* Base */ = {isa = PBXFileReference; lastKnownFileType = file.storyboard; name = Base; path = Base.lproj/Main.storyboard; sourceTree = "<group>"; };
		CD87F6EA1C7C07C7002886DA /* Assets.xcassets */ = {isa = PBXFileReference; lastKnownFileType = folder.assetcatalog; path = Assets.xcassets; sourceTree = "<group>"; };
		CD87F6ED1C7C07C7002886DA /* Base */ = {isa = PBXFileReference; lastKnownFileType = file.storyboard; name = Base; path = Base.lproj/LaunchScreen.storyboard; sourceTree = "<group>"; };
		CD87F6EF1C7C07C7002886DA /* Info.plist */ = {isa = PBXFileReference; lastKnownFileType = text.plist.xml; path = Info.plist; sourceTree = "<group>"; };
		CDFFF00F1C7F4B0300F664C9 /* PhotosViewController.swift */ = {isa = PBXFileReference; fileEncoding = 4; lastKnownFileType = sourcecode.swift; path = PhotosViewController.swift; sourceTree = "<group>"; };
/* End PBXFileReference section */

/* Begin PBXFrameworksBuildPhase section */
		CD87F6DD1C7C07C7002886DA /* Frameworks */ = {
			isa = PBXFrameworksBuildPhase;
			buildActionMask = 2147483647;
			files = (
				5155948F11309C7157D5914E /* Pods_instagram_parse.framework in Frameworks */,
			);
			runOnlyForDeploymentPostprocessing = 0;
		};
/* End PBXFrameworksBuildPhase section */

/* Begin PBXGroup section */
		231DA4AC461DCB7529662421 /* Frameworks */ = {
			isa = PBXGroup;
			children = (
				435AF65D6E4CC8D1C8F3BA47 /* Pods_instagram_parse.framework */,
			);
			name = Frameworks;
			sourceTree = "<group>";
		};
		4EE0289BC425E1D29743BE4B /* Pods */ = {
			isa = PBXGroup;
			children = (
				B3A470CD6F2DCDDFA7303CDA /* Pods-instagram-parse.debug.xcconfig */,
				7A56E709F0052B1B3D5D5812 /* Pods-instagram-parse.release.xcconfig */,
			);
			name = Pods;
			sourceTree = "<group>";
		};
		CD87F6D71C7C07C7002886DA = {
			isa = PBXGroup;
			children = (
				CD87F6E21C7C07C7002886DA /* instagram-parse */,
				CD87F6E11C7C07C7002886DA /* Products */,
				4EE0289BC425E1D29743BE4B /* Pods */,
				231DA4AC461DCB7529662421 /* Frameworks */,
			);
			sourceTree = "<group>";
		};
		CD87F6E11C7C07C7002886DA /* Products */ = {
			isa = PBXGroup;
			children = (
				CD87F6E01C7C07C7002886DA /* instagram-parse.app */,
			);
			name = Products;
			sourceTree = "<group>";
		};
		CD87F6E21C7C07C7002886DA /* instagram-parse */ = {
			isa = PBXGroup;
			children = (
				CD87F6E31C7C07C7002886DA /* AppDelegate.swift */,
				CD87F6E51C7C07C7002886DA /* LoginViewController.swift */,
				CD87F6E71C7C07C7002886DA /* Main.storyboard */,
				CDFFF00F1C7F4B0300F664C9 /* PhotosViewController.swift */,
				CD87F6EA1C7C07C7002886DA /* Assets.xcassets */,
				CD87F6EC1C7C07C7002886DA /* LaunchScreen.storyboard */,
				CD87F6EF1C7C07C7002886DA /* Info.plist */,
			);
			path = "instagram-parse";
			sourceTree = "<group>";
		};
/* End PBXGroup section */

/* Begin PBXNativeTarget section */
		CD87F6DF1C7C07C7002886DA /* instagram-parse */ = {
			isa = PBXNativeTarget;
			buildConfigurationList = CD87F6F21C7C07C7002886DA /* Build configuration list for PBXNativeTarget "instagram-parse" */;
			buildPhases = (
				7234672CCEC7BCD3879AC150 /* Check Pods Manifest.lock */,
				CD87F6DC1C7C07C7002886DA /* Sources */,
				CD87F6DD1C7C07C7002886DA /* Frameworks */,
				CD87F6DE1C7C07C7002886DA /* Resources */,
				83621C0A1D4AC4EC213FC271 /* Embed Pods Frameworks */,
				2161BBB837643D1CA1F77BFA /* Copy Pods Resources */,
			);
			buildRules = (
			);
			dependencies = (
			);
			name = "instagram-parse";
			productName = "instagram-parse";
			productReference = CD87F6E01C7C07C7002886DA /* instagram-parse.app */;
			productType = "com.apple.product-type.application";
		};
/* End PBXNativeTarget section */

/* Begin PBXProject section */
		CD87F6D81C7C07C7002886DA /* Project object */ = {
			isa = PBXProject;
			attributes = {
				LastSwiftUpdateCheck = 0720;
				LastUpgradeCheck = 0720;
				ORGANIZATIONNAME = ccsf;
				TargetAttributes = {
					CD87F6DF1C7C07C7002886DA = {
						CreatedOnToolsVersion = 7.2;
						DevelopmentTeam = P4W58GG47A;
					};
				};
			};
			buildConfigurationList = CD87F6DB1C7C07C7002886DA /* Build configuration list for PBXProject "instagram-parse" */;
			compatibilityVersion = "Xcode 3.2";
			developmentRegion = English;
			hasScannedForEncodings = 0;
			knownRegions = (
				en,
				Base,
			);
			mainGroup = CD87F6D71C7C07C7002886DA;
			productRefGroup = CD87F6E11C7C07C7002886DA /* Products */;
			projectDirPath = "";
			projectRoot = "";
			targets = (
				CD87F6DF1C7C07C7002886DA /* instagram-parse */,
			);
		};
/* End PBXProject section */

/* Begin PBXResourcesBuildPhase section */
		CD87F6DE1C7C07C7002886DA /* Resources */ = {
			isa = PBXResourcesBuildPhase;
			buildActionMask = 2147483647;
			files = (
				CD87F6EE1C7C07C7002886DA /* LaunchScreen.storyboard in Resources */,
				CD87F6EB1C7C07C7002886DA /* Assets.xcassets in Resources */,
				CD87F6E91C7C07C7002886DA /* Main.storyboard in Resources */,
			);
			runOnlyForDeploymentPostprocessing = 0;
		};
/* End PBXResourcesBuildPhase section */

/* Begin PBXShellScriptBuildPhase section */
		2161BBB837643D1CA1F77BFA /* Copy Pods Resources */ = {
			isa = PBXShellScriptBuildPhase;
			buildActionMask = 2147483647;
			files = (
			);
			inputPaths = (
			);
			name = "Copy Pods Resources";
			outputPaths = (
			);
			runOnlyForDeploymentPostprocessing = 0;
			shellPath = /bin/sh;
			shellScript = "\"${SRCROOT}/Pods/Target Support Files/Pods-instagram-parse/Pods-instagram-parse-resources.sh\"\n";
			showEnvVarsInLog = 0;
		};
		7234672CCEC7BCD3879AC150 /* Check Pods Manifest.lock */ = {
			isa = PBXShellScriptBuildPhase;
			buildActionMask = 2147483647;
			files = (
			);
			inputPaths = (
			);
			name = "Check Pods Manifest.lock";
			outputPaths = (
			);
			runOnlyForDeploymentPostprocessing = 0;
			shellPath = /bin/sh;
			shellScript = "diff \"${PODS_ROOT}/../Podfile.lock\" \"${PODS_ROOT}/Manifest.lock\" > /dev/null\nif [[ $? != 0 ]] ; then\n    cat << EOM\nerror: The sandbox is not in sync with the Podfile.lock. Run 'pod install' or update your CocoaPods installation.\nEOM\n    exit 1\nfi\n";
			showEnvVarsInLog = 0;
		};
		83621C0A1D4AC4EC213FC271 /* Embed Pods Frameworks */ = {
			isa = PBXShellScriptBuildPhase;
			buildActionMask = 2147483647;
			files = (
			);
			inputPaths = (
			);
			name = "Embed Pods Frameworks";
			outputPaths = (
			);
			runOnlyForDeploymentPostprocessing = 0;
			shellPath = /bin/sh;
			shellScript = "\"${SRCROOT}/Pods/Target Support Files/Pods-instagram-parse/Pods-instagram-parse-frameworks.sh\"\n";
			showEnvVarsInLog = 0;
		};
/* End PBXShellScriptBuildPhase section */

/* Begin PBXSourcesBuildPhase section */
		CD87F6DC1C7C07C7002886DA /* Sources */ = {
			isa = PBXSourcesBuildPhase;
			buildActionMask = 2147483647;
			files = (
				CDFFF0101C7F4B0300F664C9 /* PhotosViewController.swift in Sources */,
				CD87F6E61C7C07C7002886DA /* LoginViewController.swift in Sources */,
				CD87F6E41C7C07C7002886DA /* AppDelegate.swift in Sources */,
			);
			runOnlyForDeploymentPostprocessing = 0;
		};
/* End PBXSourcesBuildPhase section */

/* Begin PBXVariantGroup section */
		CD87F6E71C7C07C7002886DA /* Main.storyboard */ = {
			isa = PBXVariantGroup;
			children = (
				CD87F6E81C7C07C7002886DA /* Base */,
			);
			name = Main.storyboard;
			sourceTree = "<group>";
		};
		CD87F6EC1C7C07C7002886DA /* LaunchScreen.storyboard */ = {
			isa = PBXVariantGroup;
			children = (
				CD87F6ED1C7C07C7002886DA /* Base */,
			);
			name = LaunchScreen.storyboard;
			sourceTree = "<group>";
		};
/* End PBXVariantGroup section */

/* Begin XCBuildConfiguration section */
		CD87F6F01C7C07C7002886DA /* Debug */ = {
			isa = XCBuildConfiguration;
			buildSettings = {
				ALWAYS_SEARCH_USER_PATHS = NO;
				CLANG_CXX_LANGUAGE_STANDARD = "gnu++0x";
				CLANG_CXX_LIBRARY = "libc++";
				CLANG_ENABLE_MODULES = YES;
				CLANG_ENABLE_OBJC_ARC = YES;
				CLANG_WARN_BOOL_CONVERSION = YES;
				CLANG_WARN_CONSTANT_CONVERSION = YES;
				CLANG_WARN_DIRECT_OBJC_ISA_USAGE = YES_ERROR;
				CLANG_WARN_EMPTY_BODY = YES;
				CLANG_WARN_ENUM_CONVERSION = YES;
				CLANG_WARN_INT_CONVERSION = YES;
				CLANG_WARN_OBJC_ROOT_CLASS = YES_ERROR;
				CLANG_WARN_UNREACHABLE_CODE = YES;
				CLANG_WARN__DUPLICATE_METHOD_MATCH = YES;
				"CODE_SIGN_IDENTITY[sdk=iphoneos*]" = "iPhone Developer";
				COPY_PHASE_STRIP = NO;
				DEBUG_INFORMATION_FORMAT = dwarf;
				ENABLE_STRICT_OBJC_MSGSEND = YES;
				ENABLE_TESTABILITY = YES;
				GCC_C_LANGUAGE_STANDARD = gnu99;
				GCC_DYNAMIC_NO_PIC = NO;
				GCC_NO_COMMON_BLOCKS = YES;
				GCC_OPTIMIZATION_LEVEL = 0;
				GCC_PREPROCESSOR_DEFINITIONS = (
					"DEBUG=1",
					"$(inherited)",
				);
				GCC_WARN_64_TO_32_BIT_CONVERSION = YES;
				GCC_WARN_ABOUT_RETURN_TYPE = YES_ERROR;
				GCC_WARN_UNDECLARED_SELECTOR = YES;
				GCC_WARN_UNINITIALIZED_AUTOS = YES_AGGRESSIVE;
				GCC_WARN_UNUSED_FUNCTION = YES;
				GCC_WARN_UNUSED_VARIABLE = YES;
				IPHONEOS_DEPLOYMENT_TARGET = 9.2;
				MTL_ENABLE_DEBUG_INFO = YES;
				ONLY_ACTIVE_ARCH = YES;
				SDKROOT = iphoneos;
				SWIFT_OPTIMIZATION_LEVEL = "-Onone";
			};
			name = Debug;
		};
		CD87F6F11C7C07C7002886DA /* Release */ = {
			isa = XCBuildConfiguration;
			buildSettings = {
				ALWAYS_SEARCH_USER_PATHS = NO;
				CLANG_CXX_LANGUAGE_STANDARD = "gnu++0x";
				CLANG_CXX_LIBRARY = "libc++";
				CLANG_ENABLE_MODULES = YES;
				CLANG_ENABLE_OBJC_ARC = YES;
				CLANG_WARN_BOOL_CONVERSION = YES;
				CLANG_WARN_CONSTANT_CONVERSION = YES;
				CLANG_WARN_DIRECT_OBJC_ISA_USAGE = YES_ERROR;
				CLANG_WARN_EMPTY_BODY = YES;
				CLANG_WARN_ENUM_CONVERSION = YES;
				CLANG_WARN_INT_CONVERSION = YES;
				CLANG_WARN_OBJC_ROOT_CLASS = YES_ERROR;
				CLANG_WARN_UNREACHABLE_CODE = YES;
				CLANG_WARN__DUPLICATE_METHOD_MATCH = YES;
				"CODE_SIGN_IDENTITY[sdk=iphoneos*]" = "iPhone Developer";
				COPY_PHASE_STRIP = NO;
				DEBUG_INFORMATION_FORMAT = "dwarf-with-dsym";
				ENABLE_NS_ASSERTIONS = NO;
				ENABLE_STRICT_OBJC_MSGSEND = YES;
				GCC_C_LANGUAGE_STANDARD = gnu99;
				GCC_NO_COMMON_BLOCKS = YES;
				GCC_WARN_64_TO_32_BIT_CONVERSION = YES;
				GCC_WARN_ABOUT_RETURN_TYPE = YES_ERROR;
				GCC_WARN_UNDECLARED_SELECTOR = YES;
				GCC_WARN_UNINITIALIZED_AUTOS = YES_AGGRESSIVE;
				GCC_WARN_UNUSED_FUNCTION = YES;
				GCC_WARN_UNUSED_VARIABLE = YES;
				IPHONEOS_DEPLOYMENT_TARGET = 9.2;
				MTL_ENABLE_DEBUG_INFO = NO;
				SDKROOT = iphoneos;
				VALIDATE_PRODUCT = YES;
			};
			name = Release;
		};
		CD87F6F31C7C07C7002886DA /* Debug */ = {
			isa = XCBuildConfiguration;
			baseConfigurationReference = B3A470CD6F2DCDDFA7303CDA /* Pods-instagram-parse.debug.xcconfig */;
			buildSettings = {
				ASSETCATALOG_COMPILER_APPICON_NAME = AppIcon;
				INFOPLIST_FILE = "instagram-parse/Info.plist";
				LD_RUNPATH_SEARCH_PATHS = "$(inherited) @executable_path/Frameworks";
				PRODUCT_BUNDLE_IDENTIFIER = "edu.ccsf.instagram-parse";
				PRODUCT_NAME = "$(TARGET_NAME)";
			};
			name = Debug;
		};
		CD87F6F41C7C07C7002886DA /* Release */ = {
			isa = XCBuildConfiguration;
			baseConfigurationReference = 7A56E709F0052B1B3D5D5812 /* Pods-instagram-parse.release.xcconfig */;
			buildSettings = {
				ASSETCATALOG_COMPILER_APPICON_NAME = AppIcon;
				INFOPLIST_FILE = "instagram-parse/Info.plist";
				LD_RUNPATH_SEARCH_PATHS = "$(inherited) @executable_path/Frameworks";
				PRODUCT_BUNDLE_IDENTIFIER = "edu.ccsf.instagram-parse";
				PRODUCT_NAME = "$(TARGET_NAME)";
			};
			name = Release;
		};
/* End XCBuildConfiguration section */

/* Begin XCConfigurationList section */
		CD87F6DB1C7C07C7002886DA /* Build configuration list for PBXProject "instagram-parse" */ = {
			isa = XCConfigurationList;
			buildConfigurations = (
				CD87F6F01C7C07C7002886DA /* Debug */,
				CD87F6F11C7C07C7002886DA /* Release */,
			);
			defaultConfigurationIsVisible = 0;
			defaultConfigurationName = Release;
		};
		CD87F6F21C7C07C7002886DA /* Build configuration list for PBXNativeTarget "instagram-parse" */ = {
			isa = XCConfigurationList;
			buildConfigurations = (
				CD87F6F31C7C07C7002886DA /* Debug */,
				CD87F6F41C7C07C7002886DA /* Release */,
			);
			defaultConfigurationIsVisible = 0;
			defaultConfigurationName = Release;
		};
/* End XCConfigurationList section */
	};
	rootObject = CD87F6D81C7C07C7002886DA /* Project object */;
}
